
Microsoft Visual Studio Solution File, Format Version 12.00
# Visual Studio 15
VisualStudioVersion = 15.0.26430.4
MinimumVisualStudioVersion = 10.0.40219.1
Project("{FAE04EC0-301F-11D3-BF4B-00C04F79EFBC}") = "AuthenticationTest1", "AuthenticationTest1\AuthenticationTest1.csproj", "{16673782-97E2-43FA-9039-16338D5C7A91}"
EndProject
Global
	GlobalSection(SolutionConfigurationPlatforms) = preSolution
		Debug|Any CPU = Debug|Any CPU
		Release|Any CPU = Release|Any CPU
	EndGlobalSection
	GlobalSection(ProjectConfigurationPlatforms) = postSolution
		{16673782-97E2-43FA-9039-16338D5C7A91}.Debug|Any CPU.ActiveCfg = Debug|Any CPU
		{16673782-97E2-43FA-9039-16338D5C7A91}.Debug|Any CPU.Build.0 = Debug|Any CPU
		{16673782-97E2-43FA-9039-16338D5C7A91}.Release|Any CPU.ActiveCfg = Release|Any CPU
		{16673782-97E2-43FA-9039-16338D5C7A91}.Release|Any CPU.Build.0 = Release|Any CPU
	EndGlobalSection
	GlobalSection(SolutionProperties) = preSolution
		HideSolutionNode = FALSE
	EndGlobalSection
EndGlobal
